PODS:
  - Realm (10.9.0):
    - Realm/Headers (= 10.9.0)
  - Realm/Headers (10.9.0)
  - RealmSwift (10.9.0):
    - Realm (= 10.9.0)

DEPENDENCIES:
  - RealmSwift (~> 10)

SPEC REPOS:
  trunk:
    - Realm
    - RealmSwift

SPEC CHECKSUMS:
  Realm: 9feef41ab8230ed706c4dc503fc292594915bf9a
  RealmSwift: 91246183b772e0ea1bf777116c4b8d9939f983b3

PODFILE CHECKSUM: 1dfa715994446648f6a70e3cee483d945a87617a

COCOAPODS: 1.10.1
